// !$*UTF8*$!
{
	archiveVersion = 1;
	classes = {
	};
	objectVersion = 77;
	objects = {

/* Begin PBXBuildFile section */
		6ABDEF4CC14A0931425E43A4 /* PasteboardMonitor.swift in Sources */ = {isa = PBXBuildFile; fileRef = 4022296B2B70B660E69327DA /* PasteboardMonitor.swift */; };
		8DABD148080D830084B6543A /* Theme.swift in Sources */ = {isa = PBXBuildFile; fileRef = B1D1E3BE488EF41501F53EC3 /* Theme.swift */; };
		A6C251F1774925E553395A2E /* OnboardingView.swift in Sources */ = {isa = PBXBuildFile; fileRef = AC1EFFBE0A25B05FCAFB140B /* OnboardingView.swift */; };
		B1A3DE77A8C9BBF496994C08 /* SettingsView.swift in Sources */ = {isa = PBXBuildFile; fileRef = A155B34089AAD75D81A577F9 /* SettingsView.swift */; };
		B58F6E73687E2A4170C64430 /* MenuBarDashboard.swift in Sources */ = {isa = PBXBuildFile; fileRef = DB9F3E9335A523979894DA9A /* MenuBarDashboard.swift */; };
		CD8D983E07B01FCEF91FE3CB /* Assets.xcassets in Resources */ = {isa = PBXBuildFile; fileRef = 61C55C10280F02C4B46C3CB1 /* Assets.xcassets */; };
		FC77FE967E5B0DA3D1ABA7CA /* NoBoldApp.swift in Sources */ = {isa = PBXBuildFile; fileRef = DEDF07F37F28A142004C1EFE /* NoBoldApp.swift */; };
/* End PBXBuildFile section */

/* Begin PBXFileReference section */
		4022296B2B70B660E69327DA /* PasteboardMonitor.swift */ = {isa = PBXFileReference; lastKnownFileType = sourcecode.swift; path = PasteboardMonitor.swift; sourceTree = "<group>"; };
		603CEE52F96666F6EA964E5D /* Debug.xcconfig */ = {isa = PBXFileReference; lastKnownFileType = text.xcconfig; path = Debug.xcconfig; sourceTree = "<group>"; };
		61C55C10280F02C4B46C3CB1 /* Assets.xcassets */ = {isa = PBXFileReference; lastKnownFileType = folder.assetcatalog; path = Assets.xcassets; sourceTree = "<group>"; };
		89B12BF2050D1CD131D9282B /* NoBold.app */ = {isa = PBXFileReference; explicitFileType = wrapper.application; includeInIndex = 0; path = NoBold.app; sourceTree = BUILT_PRODUCTS_DIR; };
		A155B34089AAD75D81A577F9 /* SettingsView.swift */ = {isa = PBXFileReference; lastKnownFileType = sourcecode.swift; path = SettingsView.swift; sourceTree = "<group>"; };
		AC1EFFBE0A25B05FCAFB140B /* OnboardingView.swift */ = {isa = PBXFileReference; lastKnownFileType = sourcecode.swift; path = OnboardingView.swift; sourceTree = "<group>"; };
		B1D1E3BE488EF41501F53EC3 /* Theme.swift */ = {isa = PBXFileReference; lastKnownFileType = sourcecode.swift; path = Theme.swift; sourceTree = "<group>"; };
		B916F550280F721C0F0C1A48 /* Release.xcconfig */ = {isa = PBXFileReference; lastKnownFileType = text.xcconfig; path = Release.xcconfig; sourceTree = "<group>"; };
		DB9F3E9335A523979894DA9A /* MenuBarDashboard.swift */ = {isa = PBXFileReference; lastKnownFileType = sourcecode.swift; path = MenuBarDashboard.swift; sourceTree = "<group>"; };
		DEDF07F37F28A142004C1EFE /* NoBoldApp.swift */ = {isa = PBXFileReference; lastKnownFileType = sourcecode.swift; path = NoBoldApp.swift; sourceTree = "<group>"; };
/* End PBXFileReference section */

/* Begin PBXGroup section */
		23FC6ED99406722812B7ACE8 /* NoBold */ = {
			isa = PBXGroup;
			children = (
				61C55C10280F02C4B46C3CB1 /* Assets.xcassets */,
				DB9F3E9335A523979894DA9A /* MenuBarDashboard.swift */,
				DEDF07F37F28A142004C1EFE /* NoBoldApp.swift */,
				AC1EFFBE0A25B05FCAFB140B /* OnboardingView.swift */,
				4022296B2B70B660E69327DA /* PasteboardMonitor.swift */,
				A155B34089AAD75D81A577F9 /* SettingsView.swift */,
				B1D1E3BE488EF41501F53EC3 /* Theme.swift */,
			);
			path = NoBold;
			sourceTree = "<group>";
		};
		362D13B1382209CFF714A278 = {
			isa = PBXGroup;
			children = (
				BE4A788EE276513D460A8838 /* Configs */,
				23FC6ED99406722812B7ACE8 /* NoBold */,
				773119870007BEB29F4614C1 /* Products */,
			);
			sourceTree = "<group>";
		};
		773119870007BEB29F4614C1 /* Products */ = {
			isa = PBXGroup;
			children = (
				89B12BF2050D1CD131D9282B /* NoBold.app */,
			);
			name = Products;
			sourceTree = "<group>";
		};
		BE4A788EE276513D460A8838 /* Configs */ = {
			isa = PBXGroup;
			children = (
				603CEE52F96666F6EA964E5D /* Debug.xcconfig */,
				B916F550280F721C0F0C1A48 /* Release.xcconfig */,
			);
			path = Configs;
			sourceTree = "<group>";
		};
/* End PBXGroup section */

/* Begin PBXNativeTarget section */
		B5AD2FAC11376FB5CD64A11D /* NoBold */ = {
			isa = PBXNativeTarget;
			buildConfigurationList = C36FD53EBB2BD35DDD68CF7D /* Build configuration list for PBXNativeTarget "NoBold" */;
			buildPhases = (
				BC49570FF4C2D4AC4E2112CC /* Sources */,
				E7E8D769A0B64495A6DFA23C /* Resources */,
			);
			buildRules = (
			);
			dependencies = (
			);
			name = NoBold;
			packageProductDependencies = (
			);
			productName = NoBold;
			productReference = 89B12BF2050D1CD131D9282B /* NoBold.app */;
			productType = "com.apple.product-type.application";
		};
/* End PBXNativeTarget section */

/* Begin PBXProject section */
		5C6731A897B175CA23E21BCD /* Project object */ = {
			isa = PBXProject;
			attributes = {
				BuildIndependentTargetsInParallel = YES;
				LastUpgradeCheck = 1430;
				TargetAttributes = {
				};
			};
			buildConfigurationList = FB679AB7CE6F054A1D6FE6E8 /* Build configuration list for PBXProject "NoBold" */;
			developmentRegion = en;
			hasScannedForEncodings = 0;
			knownRegions = (
				Base,
				en,
			);
			mainGroup = 362D13B1382209CFF714A278;
			minimizedProjectReferenceProxies = 1;
			preferredProjectObjectVersion = 77;
			productRefGroup = 773119870007BEB29F4614C1 /* Products */;
			projectDirPath = "";
			projectRoot = "";
			targets = (
				B5AD2FAC11376FB5CD64A11D /* NoBold */,
			);
		};
/* End PBXProject section */

/* Begin PBXResourcesBuildPhase section */
		E7E8D769A0B64495A6DFA23C /* Resources */ = {
			isa = PBXResourcesBuildPhase;
			buildActionMask = 2147483647;
			files = (
				CD8D983E07B01FCEF91FE3CB /* Assets.xcassets in Resources */,
			);
			runOnlyForDeploymentPostprocessing = 0;
		};
/* End PBXResourcesBuildPhase section */

/* Begin PBXSourcesBuildPhase section */
		BC49570FF4C2D4AC4E2112CC /* Sources */ = {
			isa = PBXSourcesBuildPhase;
			buildActionMask = 2147483647;
			files = (
				B58F6E73687E2A4170C64430 /* MenuBarDashboard.swift in Sources */,
				FC77FE967E5B0DA3D1ABA7CA /* NoBoldApp.swift in Sources */,
				A6C251F1774925E553395A2E /* OnboardingView.swift in Sources */,
				6ABDEF4CC14A0931425E43A4 /* PasteboardMonitor.swift in Sources */,
				B1A3DE77A8C9BBF496994C08 /* SettingsView.swift in Sources */,
				8DABD148080D830084B6543A /* Theme.swift in Sources */,
			);
			runOnlyForDeploymentPostprocessing = 0;
		};
/* End PBXSourcesBuildPhase section */

/* Begin XCBuildConfiguration section */
		12C201F4D9B332F7376CA7CB /* Release */ = {
			isa = XCBuildConfiguration;
			buildSettings = {
				ALWAYS_SEARCH_USER_PATHS = NO;
				ASSETCATALOG_COMPILER_APPICON_NAME = AppIcon;
				ASSETCATALOG_COMPILER_GLOBAL_ACCENT_COLOR_NAME = AccentColor;
				CLANG_ANALYZER_NONNULL = YES;
				CLANG_ANALYZER_NUMBER_OBJECT_CONVERSION = YES_AGGRESSIVE;
				CLANG_CXX_LANGUAGE_STANDARD = "gnu++14";
				CLANG_CXX_LIBRARY = "libc++";
				CLANG_ENABLE_MODULES = YES;
				CLANG_ENABLE_OBJC_ARC = YES;
				CLANG_ENABLE_OBJC_WEAK = YES;
				CLANG_WARN_BLOCK_CAPTURE_AUTORELEASING = YES;
				CLANG_WARN_BOOL_CONVERSION = YES;
				CLANG_WARN_COMMA = YES;
				CLANG_WARN_CONSTANT_CONVERSION = YES;
				CLANG_WARN_DEPRECATED_OBJC_IMPLEMENTATIONS = YES;
				CLANG_WARN_DIRECT_OBJC_ISA_USAGE = YES_ERROR;
				CLANG_WARN_DOCUMENTATION_COMMENTS = YES;
				CLANG_WARN_EMPTY_BODY = YES;
				CLANG_WARN_ENUM_CONVERSION = YES;
				CLANG_WARN_INFINITE_RECURSION = YES;
				CLANG_WARN_INT_CONVERSION = YES;
				CLANG_WARN_NON_LITERAL_NULL_CONVERSION = YES;
				CLANG_WARN_OBJC_IMPLICIT_RETAIN_SELF = YES;
				CLANG_WARN_OBJC_LITERAL_CONVERSION = YES;
				CLANG_WARN_OBJC_ROOT_CLASS = YES_ERROR;
				CLANG_WARN_QUOTED_INCLUDE_IN_FRAMEWORK_HEADER = YES;
				CLANG_WARN_RANGE_LOOP_ANALYSIS = YES;
				CLANG_WARN_STRICT_PROTOTYPES = YES;
				CLANG_WARN_SUSPICIOUS_MOVE = YES;
				CLANG_WARN_UNGUARDED_AVAILABILITY = YES_AGGRESSIVE;
				CLANG_WARN_UNREACHABLE_CODE = YES;
				CLANG_WARN__DUPLICATE_METHOD_MATCH = YES;
				COPY_PHASE_STRIP = NO;
				CURRENT_PROJECT_VERSION = 1;
				DEBUG_INFORMATION_FORMAT = "dwarf-with-dsym";
				ENABLE_HARDENED_RUNTIME = YES;
				ENABLE_NS_ASSERTIONS = NO;
				ENABLE_STRICT_OBJC_MSGSEND = YES;
				GCC_C_LANGUAGE_STANDARD = gnu11;
				GCC_NO_COMMON_BLOCKS = YES;
				GCC_WARN_64_TO_32_BIT_CONVERSION = YES;
				GCC_WARN_ABOUT_RETURN_TYPE = YES_ERROR;
				GCC_WARN_UNDECLARED_SELECTOR = YES;
				GCC_WARN_UNINITIALIZED_AUTOS = YES_AGGRESSIVE;
				GCC_WARN_UNUSED_FUNCTION = YES;
				GCC_WARN_UNUSED_VARIABLE = YES;
				GENERATE_INFOPLIST_FILE = NO;
				INFOPLIST_FILE = NoBold/Info.plist;
				MACOSX_DEPLOYMENT_TARGET = 13.0;
				MARKETING_VERSION = 1.0;
				MTL_ENABLE_DEBUG_INFO = NO;
				MTL_FAST_MATH = YES;
				PRODUCT_BUNDLE_IDENTIFIER = com.nobold.app;
				PRODUCT_NAME = NoBold;
				SDKROOT = macosx;
				SWIFT_COMPILATION_MODE = wholemodule;
				SWIFT_OPTIMIZATION_LEVEL = "-O";
				SWIFT_VERSION = 6.0;
			};
			name = Release;
		};
		5D987549B20BA9A32E996829 /* Debug */ = {
			isa = XCBuildConfiguration;
			baseConfigurationReference = 603CEE52F96666F6EA964E5D /* Debug.xcconfig */;
			buildSettings = {
				CODE_SIGN_ENTITLEMENTS = "";
				COMBINE_HIDPI_IMAGES = YES;
				INFOPLIST_FILE = NoBold/Info.plist;
				LD_RUNPATH_SEARCH_PATHS = (
					"$(inherited)",
					"@executable_path/../Frameworks",
				);
				PRODUCT_MODULE_NAME = NoBold;
				SDKROOT = macosx;
			};
			name = Debug;
		};
		7E0AF9E4E7FA36AB6E338CA2 /* Release */ = {
			isa = XCBuildConfiguration;
			baseConfigurationReference = B916F550280F721C0F0C1A48 /* Release.xcconfig */;
			buildSettings = {
				CODE_SIGN_ENTITLEMENTS = "";
				COMBINE_HIDPI_IMAGES = YES;
				INFOPLIST_FILE = NoBold/Info.plist;
				LD_RUNPATH_SEARCH_PATHS = (
					"$(inherited)",
					"@executable_path/../Frameworks",
				);
				PRODUCT_MODULE_NAME = NoBold;
				SDKROOT = macosx;
			};
			name = Release;
		};
		AF67FB85F7FF9E9B3912BCE6 /* Debug */ = {
			isa = XCBuildConfiguration;
			buildSettings = {
				ALWAYS_SEARCH_USER_PATHS = NO;
				ASSETCATALOG_COMPILER_APPICON_NAME = AppIcon;
				ASSETCATALOG_COMPILER_GLOBAL_ACCENT_COLOR_NAME = AccentColor;
				CLANG_ANALYZER_NONNULL = YES;
				CLANG_ANALYZER_NUMBER_OBJECT_CONVERSION = YES_AGGRESSIVE;
				CLANG_CXX_LANGUAGE_STANDARD = "gnu++14";
				CLANG_CXX_LIBRARY = "libc++";
				CLANG_ENABLE_MODULES = YES;
				CLANG_ENABLE_OBJC_ARC = YES;
				CLANG_ENABLE_OBJC_WEAK = YES;
				CLANG_WARN_BLOCK_CAPTURE_AUTORELEASING = YES;
				CLANG_WARN_BOOL_CONVERSION = YES;
				CLANG_WARN_COMMA = YES;
				CLANG_WARN_CONSTANT_CONVERSION = YES;
				CLANG_WARN_DEPRECATED_OBJC_IMPLEMENTATIONS = YES;
				CLANG_WARN_DIRECT_OBJC_ISA_USAGE = YES_ERROR;
				CLANG_WARN_DOCUMENTATION_COMMENTS = YES;
				CLANG_WARN_EMPTY_BODY = YES;
				CLANG_WARN_ENUM_CONVERSION = YES;
				CLANG_WARN_INFINITE_RECURSION = YES;
				CLANG_WARN_INT_CONVERSION = YES;
				CLANG_WARN_NON_LITERAL_NULL_CONVERSION = YES;
				CLANG_WARN_OBJC_IMPLICIT_RETAIN_SELF = YES;
				CLANG_WARN_OBJC_LITERAL_CONVERSION = YES;
				CLANG_WARN_OBJC_ROOT_CLASS = YES_ERROR;
				CLANG_WARN_QUOTED_INCLUDE_IN_FRAMEWORK_HEADER = YES;
				CLANG_WARN_RANGE_LOOP_ANALYSIS = YES;
				CLANG_WARN_STRICT_PROTOTYPES = YES;
				CLANG_WARN_SUSPICIOUS_MOVE = YES;
				CLANG_WARN_UNGUARDED_AVAILABILITY = YES_AGGRESSIVE;
				CLANG_WARN_UNREACHABLE_CODE = YES;
				CLANG_WARN__DUPLICATE_METHOD_MATCH = YES;
				COPY_PHASE_STRIP = NO;
				CURRENT_PROJECT_VERSION = 1;
				DEBUG_INFORMATION_FORMAT = dwarf;
				ENABLE_HARDENED_RUNTIME = YES;
				ENABLE_STRICT_OBJC_MSGSEND = YES;
				ENABLE_TESTABILITY = YES;
				GCC_C_LANGUAGE_STANDARD = gnu11;
				GCC_DYNAMIC_NO_PIC = NO;
				GCC_NO_COMMON_BLOCKS = YES;
				GCC_OPTIMIZATION_LEVEL = 0;
				GCC_PREPROCESSOR_DEFINITIONS = (
					"$(inherited)",
					"DEBUG=1",
				);
				GCC_WARN_64_TO_32_BIT_CONVERSION = YES;
				GCC_WARN_ABOUT_RETURN_TYPE = YES_ERROR;
				GCC_WARN_UNDECLARED_SELECTOR = YES;
				GCC_WARN_UNINITIALIZED_AUTOS = YES_AGGRESSIVE;
				GCC_WARN_UNUSED_FUNCTION = YES;
				GCC_WARN_UNUSED_VARIABLE = YES;
				GENERATE_INFOPLIST_FILE = NO;
				INFOPLIST_FILE = NoBold/Info.plist;
				MACOSX_DEPLOYMENT_TARGET = 13.0;
				MARKETING_VERSION = 1.0;
				MTL_ENABLE_DEBUG_INFO = INCLUDE_SOURCE;
				MTL_FAST_MATH = YES;
				ONLY_ACTIVE_ARCH = YES;
				PRODUCT_BUNDLE_IDENTIFIER = com.nobold.app;
				PRODUCT_NAME = NoBold;
				SDKROOT = macosx;
				SWIFT_ACTIVE_COMPILATION_CONDITIONS = DEBUG;
				SWIFT_OPTIMIZATION_LEVEL = "-Onone";
				SWIFT_VERSION = 6.0;
			};
			name = Debug;
		};
/* End XCBuildConfiguration section */

/* Begin XCConfigurationList section */
		C36FD53EBB2BD35DDD68CF7D /* Build configuration list for PBXNativeTarget "NoBold" */ = {
			isa = XCConfigurationList;
			buildConfigurations = (
				5D987549B20BA9A32E996829 /* Debug */,
				7E0AF9E4E7FA36AB6E338CA2 /* Release */,
			);
			defaultConfigurationIsVisible = 0;
			defaultConfigurationName = Debug;
		};
		FB679AB7CE6F054A1D6FE6E8 /* Build configuration list for PBXProject "NoBold" */ = {
			isa = XCConfigurationList;
			buildConfigurations = (
				AF67FB85F7FF9E9B3912BCE6 /* Debug */,
				12C201F4D9B332F7376CA7CB /* Release */,
			);
			defaultConfigurationIsVisible = 0;
			defaultConfigurationName = Debug;
		};
/* End XCConfigurationList section */
	};
	rootObject = 5C6731A897B175CA23E21BCD /* Project object */;
}
